// !$*UTF8*$!
{
	archiveVersion = 1;
	classes = {
	};
	objectVersion = 55;
	objects = {

/* Begin PBXBuildFile section */
		0E32BFE86FA22BE3C8F9753E /* Pods_SwiftUI_ContactFormCleanArchitecture.framework in Frameworks */ = {isa = PBXBuildFile; fileRef = 505B3A336D40038FB4928970 /* Pods_SwiftUI_ContactFormCleanArchitecture.framework */; };
		AE4374A86B00EC7A535ED8C3 /* Pods_SwiftUI_ContactFormCleanArchitecture_SwiftUI_ContactFormCleanArchitectureUITests.framework in Frameworks */ = {isa = PBXBuildFile; fileRef = 2B8B345BC35467AF0AC9151D /* Pods_SwiftUI_ContactFormCleanArchitecture_SwiftUI_ContactFormCleanArchitectureUITests.framework */; };
		F47C3ECE2778B3DC00CDD87C /* Cuckoo.framework in Frameworks */ = {isa = PBXBuildFile; fileRef = F47C3ECD2778B3DC00CDD87C /* Cuckoo.framework */; };
		F47C3ED02778B4D600CDD87C /* MockTest.swift in Sources */ = {isa = PBXBuildFile; fileRef = F47C3ECF2778B4D600CDD87C /* MockTest.swift */; };
		F47C3ED42778B5C900CDD87C /* GeneratedMocks.swift in Sources */ = {isa = PBXBuildFile; fileRef = F47C3ED32778B5C900CDD87C /* GeneratedMocks.swift */; };
		F47C3ED72778B7C300CDD87C /* InquiryHttpRepository.swift in Sources */ = {isa = PBXBuildFile; fileRef = F47C3ED62778B7C300CDD87C /* InquiryHttpRepository.swift */; };
		F47C3EDA2778B84300CDD87C /* Inquiry.swift in Sources */ = {isa = PBXBuildFile; fileRef = F47C3ED92778B84300CDD87C /* Inquiry.swift */; };
		F47C3EDF2778B9F600CDD87C /* InquiryHttpConnectionImp.swift in Sources */ = {isa = PBXBuildFile; fileRef = F47C3EDE2778B9F600CDD87C /* InquiryHttpConnectionImp.swift */; };
		F47C3EE22778BBB000CDD87C /* InquiryUseCaseProtocol.swift in Sources */ = {isa = PBXBuildFile; fileRef = F47C3EE12778BBB000CDD87C /* InquiryUseCaseProtocol.swift */; };
		F47C3EE42778BBDE00CDD87C /* InquiryUseCaseImpl.swift in Sources */ = {isa = PBXBuildFile; fileRef = F47C3EE32778BBDE00CDD87C /* InquiryUseCaseImpl.swift */; };
		F47C3EE92778BF7100CDD87C /* InquiryUseCaseTests.swift in Sources */ = {isa = PBXBuildFile; fileRef = F47C3EE82778BF7100CDD87C /* InquiryUseCaseTests.swift */; };
		F47C3EEB2778C0DC00CDD87C /* DIContainer.swift in Sources */ = {isa = PBXBuildFile; fileRef = F47C3EEA2778C0DC00CDD87C /* DIContainer.swift */; };
		F47C3EF22779E2DD00CDD87C /* ContactFormViewModelTests.swift in Sources */ = {isa = PBXBuildFile; fileRef = F47C3EF12779E2DD00CDD87C /* ContactFormViewModelTests.swift */; };
		F47C3EF42779E48100CDD87C /* AnsweredInquiry.swift in Sources */ = {isa = PBXBuildFile; fileRef = F47C3EF32779E48100CDD87C /* AnsweredInquiry.swift */; };
		F47C3EF62779E7E200CDD87C /* InquiryViewModelMapper.swift in Sources */ = {isa = PBXBuildFile; fileRef = F47C3EF52779E7E200CDD87C /* InquiryViewModelMapper.swift */; };
		F47C3EF82779E86300CDD87C /* ViewModelMapper.swift in Sources */ = {isa = PBXBuildFile; fileRef = F47C3EF72779E86300CDD87C /* ViewModelMapper.swift */; };
		F47C3EFB277B607100CDD87C /* Encodable+Dictionary.swift in Sources */ = {isa = PBXBuildFile; fileRef = F47C3EFA277B607100CDD87C /* Encodable+Dictionary.swift */; };
		F47C3EFD277B60D600CDD87C /* APIClient.swift in Sources */ = {isa = PBXBuildFile; fileRef = F47C3EFC277B60D600CDD87C /* APIClient.swift */; };
		F4D79703276CC7000034A35C /* SwiftUI-ContactFormCleanArchitectureApp.swift in Sources */ = {isa = PBXBuildFile; fileRef = F4D79702276CC7000034A35C /* SwiftUI-ContactFormCleanArchitectureApp.swift */; };
		F4D79705276CC7000034A35C /* ContentView.swift in Sources */ = {isa = PBXBuildFile; fileRef = F4D79704276CC7000034A35C /* ContentView.swift */; };
		F4D79707276CC7020034A35C /* Assets.xcassets in Resources */ = {isa = PBXBuildFile; fileRef = F4D79706276CC7020034A35C /* Assets.xcassets */; };
		F4D7970A276CC7020034A35C /* Preview Assets.xcassets in Resources */ = {isa = PBXBuildFile; fileRef = F4D79709276CC7020034A35C /* Preview Assets.xcassets */; };
		F4D7970C276CC7020034A35C /* Persistence.swift in Sources */ = {isa = PBXBuildFile; fileRef = F4D7970B276CC7020034A35C /* Persistence.swift */; };
		F4D79719276CC7030034A35C /* SwiftUI-ContactFormCleanArchitectureTests.swift in Sources */ = {isa = PBXBuildFile; fileRef = F4D79718276CC7030034A35C /* SwiftUI-ContactFormCleanArchitectureTests.swift */; };
		F4D79723276CC7030034A35C /* SwiftUI-ContactFormCleanArchitectureUITests.swift in Sources */ = {isa = PBXBuildFile; fileRef = F4D79722276CC7030034A35C /* SwiftUI-ContactFormCleanArchitectureUITests.swift */; };
		F4D7975D276CD8570034A35C /* Localizable.strings in Resources */ = {isa = PBXBuildFile; fileRef = F4D7975F276CD8570034A35C /* Localizable.strings */; };
		F4D79764276E1FF90034A35C /* ContactTopViewModel.swift in Sources */ = {isa = PBXBuildFile; fileRef = F4D79763276E1FF90034A35C /* ContactTopViewModel.swift */; };
		F4D79767276E203A0034A35C /* ContactTopView.swift in Sources */ = {isa = PBXBuildFile; fileRef = F4D79766276E203A0034A35C /* ContactTopView.swift */; };
		F4D7976C2770BFDD0034A35C /* ContactTopViewUITests.swift in Sources */ = {isa = PBXBuildFile; fileRef = F4D7976B2770BFDD0034A35C /* ContactTopViewUITests.swift */; };
		F4D7976E2770C89C0034A35C /* Bundle+Locator.swift in Sources */ = {isa = PBXBuildFile; fileRef = F4D7976D2770C89B0034A35C /* Bundle+Locator.swift */; };
		F4D797702770C93C0034A35C /* String+Localizable.swift in Sources */ = {isa = PBXBuildFile; fileRef = F4D7976F2770C93C0034A35C /* String+Localizable.swift */; };
		F4D797722770CC8D0034A35C /* Sample.swift in Sources */ = {isa = PBXBuildFile; fileRef = F4D797712770CC8D0034A35C /* Sample.swift */; };
		F4D7977427735B190034A35C /* ContactFormView.swift in Sources */ = {isa = PBXBuildFile; fileRef = F4D7977327735B180034A35C /* ContactFormView.swift */; };
		F4D7977727735C1C0034A35C /* ContactFormViewModel.swift in Sources */ = {isa = PBXBuildFile; fileRef = F4D7977627735C1C0034A35C /* ContactFormViewModel.swift */; };
		F4D7977927735E530034A35C /* ColorAssets.xcassets in Resources */ = {isa = PBXBuildFile; fileRef = F4D7977827735E530034A35C /* ColorAssets.xcassets */; };
		F4D7977B27735EB40034A35C /* PlaceHolderTextEditor.swift in Sources */ = {isa = PBXBuildFile; fileRef = F4D7977A27735EB40034A35C /* PlaceHolderTextEditor.swift */; };
		F4D7977D27735FE60034A35C /* Color.swift in Sources */ = {isa = PBXBuildFile; fileRef = F4D7977C27735FE60034A35C /* Color.swift */; };
		F4D79780277365C80034A35C /* XCUIElement+Async.swift in Sources */ = {isa = PBXBuildFile; fileRef = F4D7977F277365C70034A35C /* XCUIElement+Async.swift */; };
		F4D79782277366070034A35C /* String+Localizable.swift in Sources */ = {isa = PBXBuildFile; fileRef = F4D79781277366070034A35C /* String+Localizable.swift */; };
		F4D7978427736B010034A35C /* ContactFormViewUITests.swift in Sources */ = {isa = PBXBuildFile; fileRef = F4D7978327736B010034A35C /* ContactFormViewUITests.swift */; };
		F5E6A20B641E4D2BFCB08C71 /* Pods_SwiftUI_ContactFormCleanArchitectureTests.framework in Frameworks */ = {isa = PBXBuildFile; fileRef = 9220B0420BD134ACDC91FA52 /* Pods_SwiftUI_ContactFormCleanArchitectureTests.framework */; };
/* End PBXBuildFile section */

/* Begin PBXContainerItemProxy section */
		F4D79715276CC7030034A35C /* PBXContainerItemProxy */ = {
			isa = PBXContainerItemProxy;
			containerPortal = F4D796F7276CC7000034A35C /* Project object */;
			proxyType = 1;
			remoteGlobalIDString = F4D796FE276CC7000034A35C;
			remoteInfo = SwiftUI_ContactForm_CleanArchitecture;
		};
		F4D7971F276CC7030034A35C /* PBXContainerItemProxy */ = {
			isa = PBXContainerItemProxy;
			containerPortal = F4D796F7276CC7000034A35C /* Project object */;
			proxyType = 1;
			remoteGlobalIDString = F4D796FE276CC7000034A35C;
			remoteInfo = SwiftUI_ContactForm_CleanArchitecture;
		};
/* End PBXContainerItemProxy section */

/* Begin PBXFileReference section */
		0C31023F3EA3F5277D0BC5DC /* Pods-SwiftUI-ContactFormCleanArchitectureTests.debug.xcconfig */ = {isa = PBXFileReference; includeInIndex = 1; lastKnownFileType = text.xcconfig; name = "Pods-SwiftUI-ContactFormCleanArchitectureTests.debug.xcconfig"; path = "Target Support Files/Pods-SwiftUI-ContactFormCleanArchitectureTests/Pods-SwiftUI-ContactFormCleanArchitectureTests.debug.xcconfig"; sourceTree = "<group>"; };
		2B8B345BC35467AF0AC9151D /* Pods_SwiftUI_ContactFormCleanArchitecture_SwiftUI_ContactFormCleanArchitectureUITests.framework */ = {isa = PBXFileReference; explicitFileType = wrapper.framework; includeInIndex = 0; path = Pods_SwiftUI_ContactFormCleanArchitecture_SwiftUI_ContactFormCleanArchitectureUITests.framework; sourceTree = BUILT_PRODUCTS_DIR; };
		332BB45033342EE8DB278660 /* Pods-SwiftUI_ContactForm_CleanArchitecture-SwiftUI_ContactForm_CleanArchitectureUITests.debug.xcconfig */ = {isa = PBXFileReference; includeInIndex = 1; lastKnownFileType = text.xcconfig; name = "Pods-SwiftUI_ContactForm_CleanArchitecture-SwiftUI_ContactForm_CleanArchitectureUITests.debug.xcconfig"; path = "Target Support Files/Pods-SwiftUI_ContactForm_CleanArchitecture-SwiftUI_ContactForm_CleanArchitectureUITests/Pods-SwiftUI_ContactForm_CleanArchitecture-SwiftUI_ContactForm_CleanArchitectureUITests.debug.xcconfig"; sourceTree = "<group>"; };
		47C8B19EB1AD0D749B73563F /* Pods-SwiftUI_ContactForm_CleanArchitectureTests.release.xcconfig */ = {isa = PBXFileReference; includeInIndex = 1; lastKnownFileType = text.xcconfig; name = "Pods-SwiftUI_ContactForm_CleanArchitectureTests.release.xcconfig"; path = "Target Support Files/Pods-SwiftUI_ContactForm_CleanArchitectureTests/Pods-SwiftUI_ContactForm_CleanArchitectureTests.release.xcconfig"; sourceTree = "<group>"; };
		505B3A336D40038FB4928970 /* Pods_SwiftUI_ContactFormCleanArchitecture.framework */ = {isa = PBXFileReference; explicitFileType = wrapper.framework; includeInIndex = 0; path = Pods_SwiftUI_ContactFormCleanArchitecture.framework; sourceTree = BUILT_PRODUCTS_DIR; };
		5DEA40BF2C64D17ADBEF5270 /* Pods-SwiftUI-ContactFormCleanArchitectureTests.release.xcconfig */ = {isa = PBXFileReference; includeInIndex = 1; lastKnownFileType = text.xcconfig; name = "Pods-SwiftUI-ContactFormCleanArchitectureTests.release.xcconfig"; path = "Target Support Files/Pods-SwiftUI-ContactFormCleanArchitectureTests/Pods-SwiftUI-ContactFormCleanArchitectureTests.release.xcconfig"; sourceTree = "<group>"; };
		642752291401C9172FF61950 /* Pods-SwiftUI-ContactFormCleanArchitecture.debug.xcconfig */ = {isa = PBXFileReference; includeInIndex = 1; lastKnownFileType = text.xcconfig; name = "Pods-SwiftUI-ContactFormCleanArchitecture.debug.xcconfig"; path = "Target Support Files/Pods-SwiftUI-ContactFormCleanArchitecture/Pods-SwiftUI-ContactFormCleanArchitecture.debug.xcconfig"; sourceTree = "<group>"; };
		717FB61740F53C5E42ACEF44 /* Pods-SwiftUI_ContactForm_CleanArchitectureTests.debug.xcconfig */ = {isa = PBXFileReference; includeInIndex = 1; lastKnownFileType = text.xcconfig; name = "Pods-SwiftUI_ContactForm_CleanArchitectureTests.debug.xcconfig"; path = "Target Support Files/Pods-SwiftUI_ContactForm_CleanArchitectureTests/Pods-SwiftUI_ContactForm_CleanArchitectureTests.debug.xcconfig"; sourceTree = "<group>"; };
		779A2211480DB9E5080EE6FB /* Pods-SwiftUI-ContactFormCleanArchitecture-SwiftUI-ContactFormCleanArchitectureUITests.debug.xcconfig */ = {isa = PBXFileReference; includeInIndex = 1; lastKnownFileType = text.xcconfig; name = "Pods-SwiftUI-ContactFormCleanArchitecture-SwiftUI-ContactFormCleanArchitectureUITests.debug.xcconfig"; path = "Target Support Files/Pods-SwiftUI-ContactFormCleanArchitecture-SwiftUI-ContactFormCleanArchitectureUITests/Pods-SwiftUI-ContactFormCleanArchitecture-SwiftUI-ContactFormCleanArchitectureUITests.debug.xcconfig"; sourceTree = "<group>"; };
		896EED1B4722C6250215742C /* Pods-SwiftUI-ContactFormCleanArchitecture-SwiftUI-ContactFormCleanArchitectureUITests.release.xcconfig */ = {isa = PBXFileReference; includeInIndex = 1; lastKnownFileType = text.xcconfig; name = "Pods-SwiftUI-ContactFormCleanArchitecture-SwiftUI-ContactFormCleanArchitectureUITests.release.xcconfig"; path = "Target Support Files/Pods-SwiftUI-ContactFormCleanArchitecture-SwiftUI-ContactFormCleanArchitectureUITests/Pods-SwiftUI-ContactFormCleanArchitecture-SwiftUI-ContactFormCleanArchitectureUITests.release.xcconfig"; sourceTree = "<group>"; };
		9220B0420BD134ACDC91FA52 /* Pods_SwiftUI_ContactFormCleanArchitectureTests.framework */ = {isa = PBXFileReference; explicitFileType = wrapper.framework; includeInIndex = 0; path = Pods_SwiftUI_ContactFormCleanArchitectureTests.framework; sourceTree = BUILT_PRODUCTS_DIR; };
		927FCE32B1E640A7A6DCDB51 /* Pods-SwiftUI_ContactForm_CleanArchitecture.debug.xcconfig */ = {isa = PBXFileReference; includeInIndex = 1; lastKnownFileType = text.xcconfig; name = "Pods-SwiftUI_ContactForm_CleanArchitecture.debug.xcconfig"; path = "Target Support Files/Pods-SwiftUI_ContactForm_CleanArchitecture/Pods-SwiftUI_ContactForm_CleanArchitecture.debug.xcconfig"; sourceTree = "<group>"; };
		9ADA53A272E22A1D0C121981 /* Pods-SwiftUI_ContactForm_CleanArchitecture.release.xcconfig */ = {isa = PBXFileReference; includeInIndex = 1; lastKnownFileType = text.xcconfig; name = "Pods-SwiftUI_ContactForm_CleanArchitecture.release.xcconfig"; path = "Target Support Files/Pods-SwiftUI_ContactForm_CleanArchitecture/Pods-SwiftUI_ContactForm_CleanArchitecture.release.xcconfig"; sourceTree = "<group>"; };
		BC5C77019FD8697EA9D28CBB /* Pods-SwiftUI_ContactForm_CleanArchitecture-SwiftUI_ContactForm_CleanArchitectureUITests.release.xcconfig */ = {isa = PBXFileReference; includeInIndex = 1; lastKnownFileType = text.xcconfig; name = "Pods-SwiftUI_ContactForm_CleanArchitecture-SwiftUI_ContactForm_CleanArchitectureUITests.release.xcconfig"; path = "Target Support Files/Pods-SwiftUI_ContactForm_CleanArchitecture-SwiftUI_ContactForm_CleanArchitectureUITests/Pods-SwiftUI_ContactForm_CleanArchitecture-SwiftUI_ContactForm_CleanArchitectureUITests.release.xcconfig"; sourceTree = "<group>"; };
		C13BFC5B24B74A453779F6D0 /* Pods-SwiftUI-ContactFormCleanArchitecture.release.xcconfig */ = {isa = PBXFileReference; includeInIndex = 1; lastKnownFileType = text.xcconfig; name = "Pods-SwiftUI-ContactFormCleanArchitecture.release.xcconfig"; path = "Target Support Files/Pods-SwiftUI-ContactFormCleanArchitecture/Pods-SwiftUI-ContactFormCleanArchitecture.release.xcconfig"; sourceTree = "<group>"; };
		F47C3ECD2778B3DC00CDD87C /* Cuckoo.framework */ = {isa = PBXFileReference; explicitFileType = wrapper.framework; path = Cuckoo.framework; sourceTree = BUILT_PRODUCTS_DIR; };
		F47C3ECF2778B4D600CDD87C /* MockTest.swift */ = {isa = PBXFileReference; lastKnownFileType = sourcecode.swift; path = MockTest.swift; sourceTree = "<group>"; };
		F47C3ED32778B5C900CDD87C /* GeneratedMocks.swift */ = {isa = PBXFileReference; lastKnownFileType = sourcecode.swift; path = GeneratedMocks.swift; sourceTree = "<group>"; };
		F47C3ED62778B7C300CDD87C /* InquiryHttpRepository.swift */ = {isa = PBXFileReference; lastKnownFileType = sourcecode.swift; path = InquiryHttpRepository.swift; sourceTree = "<group>"; };
		F47C3ED92778B84300CDD87C /* Inquiry.swift */ = {isa = PBXFileReference; lastKnownFileType = sourcecode.swift; path = Inquiry.swift; sourceTree = "<group>"; };
		F47C3EDE2778B9F600CDD87C /* InquiryHttpConnectionImp.swift */ = {isa = PBXFileReference; lastKnownFileType = sourcecode.swift; path = InquiryHttpConnectionImp.swift; sourceTree = "<group>"; };
		F47C3EE12778BBB000CDD87C /* InquiryUseCaseProtocol.swift */ = {isa = PBXFileReference; lastKnownFileType = sourcecode.swift; path = InquiryUseCaseProtocol.swift; sourceTree = "<group>"; };
		F47C3EE32778BBDE00CDD87C /* InquiryUseCaseImpl.swift */ = {isa = PBXFileReference; lastKnownFileType = sourcecode.swift; path = InquiryUseCaseImpl.swift; sourceTree = "<group>"; };
		F47C3EE82778BF7100CDD87C /* InquiryUseCaseTests.swift */ = {isa = PBXFileReference; lastKnownFileType = sourcecode.swift; path = InquiryUseCaseTests.swift; sourceTree = "<group>"; };
		F47C3EEA2778C0DC00CDD87C /* DIContainer.swift */ = {isa = PBXFileReference; lastKnownFileType = sourcecode.swift; path = DIContainer.swift; sourceTree = "<group>"; };
		F47C3EF12779E2DD00CDD87C /* ContactFormViewModelTests.swift */ = {isa = PBXFileReference; lastKnownFileType = sourcecode.swift; path = ContactFormViewModelTests.swift; sourceTree = "<group>"; };
		F47C3EF32779E48100CDD87C /* AnsweredInquiry.swift */ = {isa = PBXFileReference; lastKnownFileType = sourcecode.swift; path = AnsweredInquiry.swift; sourceTree = "<group>"; };
		F47C3EF52779E7E200CDD87C /* InquiryViewModelMapper.swift */ = {isa = PBXFileReference; lastKnownFileType = sourcecode.swift; path = InquiryViewModelMapper.swift; sourceTree = "<group>"; };
		F47C3EF72779E86300CDD87C /* ViewModelMapper.swift */ = {isa = PBXFileReference; lastKnownFileType = sourcecode.swift; path = ViewModelMapper.swift; sourceTree = "<group>"; };
		F47C3EF92779E95600CDD87C /* README.md */ = {isa = PBXFileReference; lastKnownFileType = net.daringfireball.markdown; path = README.md; sourceTree = "<group>"; };
		F47C3EFA277B607100CDD87C /* Encodable+Dictionary.swift */ = {isa = PBXFileReference; lastKnownFileType = sourcecode.swift; path = "Encodable+Dictionary.swift"; sourceTree = "<group>"; };
		F47C3EFC277B60D600CDD87C /* APIClient.swift */ = {isa = PBXFileReference; lastKnownFileType = sourcecode.swift; path = APIClient.swift; sourceTree = "<group>"; };
		F4D796FF276CC7000034A35C /* SwiftUI-ContactFormCleanArchitecture.app */ = {isa = PBXFileReference; explicitFileType = wrapper.application; includeInIndex = 0; path = "SwiftUI-ContactFormCleanArchitecture.app"; sourceTree = BUILT_PRODUCTS_DIR; };
		F4D79702276CC7000034A35C /* SwiftUI-ContactFormCleanArchitectureApp.swift */ = {isa = PBXFileReference; lastKnownFileType = sourcecode.swift; path = "SwiftUI-ContactFormCleanArchitectureApp.swift"; sourceTree = "<group>"; };
		F4D79704276CC7000034A35C /* ContentView.swift */ = {isa = PBXFileReference; lastKnownFileType = sourcecode.swift; path = ContentView.swift; sourceTree = "<group>"; };
		F4D79706276CC7020034A35C /* Assets.xcassets */ = {isa = PBXFileReference; lastKnownFileType = folder.assetcatalog; path = Assets.xcassets; sourceTree = "<group>"; };
		F4D79709276CC7020034A35C /* Preview Assets.xcassets */ = {isa = PBXFileReference; lastKnownFileType = folder.assetcatalog; path = "Preview Assets.xcassets"; sourceTree = "<group>"; };
		F4D7970B276CC7020034A35C /* Persistence.swift */ = {isa = PBXFileReference; lastKnownFileType = sourcecode.swift; path = Persistence.swift; sourceTree = "<group>"; };
		F4D7970E276CC7020034A35C /* SwiftUI-ContactFormCleanArchitecture.xcdatamodel */ = {isa = PBXFileReference; lastKnownFileType = wrapper.xcdatamodel; path = "SwiftUI-ContactFormCleanArchitecture.xcdatamodel"; sourceTree = "<group>"; };
		F4D79714276CC7030034A35C /* SwiftUI-ContactFormCleanArchitectureTests.xctest */ = {isa = PBXFileReference; explicitFileType = wrapper.cfbundle; includeInIndex = 0; path = "SwiftUI-ContactFormCleanArchitectureTests.xctest"; sourceTree = BUILT_PRODUCTS_DIR; };
		F4D79718276CC7030034A35C /* SwiftUI-ContactFormCleanArchitectureTests.swift */ = {isa = PBXFileReference; lastKnownFileType = sourcecode.swift; path = "SwiftUI-ContactFormCleanArchitectureTests.swift"; sourceTree = "<group>"; };
		F4D7971E276CC7030034A35C /* SwiftUI-ContactFormCleanArchitectureUITests.xctest */ = {isa = PBXFileReference; explicitFileType = wrapper.cfbundle; includeInIndex = 0; path = "SwiftUI-ContactFormCleanArchitectureUITests.xctest"; sourceTree = BUILT_PRODUCTS_DIR; };
		F4D79722276CC7030034A35C /* SwiftUI-ContactFormCleanArchitectureUITests.swift */ = {isa = PBXFileReference; lastKnownFileType = sourcecode.swift; path = "SwiftUI-ContactFormCleanArchitectureUITests.swift"; sourceTree = "<group>"; };
		F4D79732276CD04B0034A35C /* README.md */ = {isa = PBXFileReference; lastKnownFileType = net.daringfireball.markdown; path = README.md; sourceTree = "<group>"; };
		F4D79734276CD0A20034A35C /* README.md */ = {isa = PBXFileReference; lastKnownFileType = net.daringfireball.markdown; path = README.md; sourceTree = "<group>"; };
		F4D79736276CD0E20034A35C /* README.md */ = {isa = PBXFileReference; lastKnownFileType = net.daringfireball.markdown; path = README.md; sourceTree = "<group>"; };
		F4D7973A276CD17B0034A35C /* README.md */ = {isa = PBXFileReference; lastKnownFileType = net.daringfireball.markdown; path = README.md; sourceTree = "<group>"; };
		F4D7973E276CD1F80034A35C /* README.md */ = {isa = PBXFileReference; lastKnownFileType = net.daringfireball.markdown; path = README.md; sourceTree = "<group>"; };
		F4D7973F276CD21C0034A35C /* README.md */ = {isa = PBXFileReference; lastKnownFileType = net.daringfireball.markdown; path = README.md; sourceTree = "<group>"; };
		F4D79741276CD26D0034A35C /* README.md */ = {isa = PBXFileReference; lastKnownFileType = net.daringfireball.markdown; path = README.md; sourceTree = "<group>"; };
		F4D79746276CD3A80034A35C /* README.md */ = {isa = PBXFileReference; lastKnownFileType = net.daringfireball.markdown; path = README.md; sourceTree = "<group>"; };
		F4D79749276CD4320034A35C /* README.md */ = {isa = PBXFileReference; lastKnownFileType = net.daringfireball.markdown; path = README.md; sourceTree = "<group>"; };
		F4D7974A276CD5050034A35C /* README.md */ = {isa = PBXFileReference; lastKnownFileType = net.daringfireball.markdown; path = README.md; sourceTree = "<group>"; };
		F4D7974C276CD5820034A35C /* README.md */ = {isa = PBXFileReference; lastKnownFileType = net.daringfireball.markdown; path = README.md; sourceTree = "<group>"; };
		F4D7974E276CD69C0034A35C /* README.md */ = {isa = PBXFileReference; lastKnownFileType = net.daringfireball.markdown; path = README.md; sourceTree = "<group>"; };
		F4D79761276CD8BE0034A35C /* ja */ = {isa = PBXFileReference; lastKnownFileType = text.plist.strings; name = ja; path = ja.lproj/Localizable.strings; sourceTree = "<group>"; };
		F4D79762276CD8EE0034A35C /* en */ = {isa = PBXFileReference; lastKnownFileType = text.plist.strings; name = en; path = en.lproj/Localizable.strings; sourceTree = "<group>"; };
		F4D79763276E1FF90034A35C /* ContactTopViewModel.swift */ = {isa = PBXFileReference; lastKnownFileType = sourcecode.swift; path = ContactTopViewModel.swift; sourceTree = "<group>"; };
		F4D79766276E203A0034A35C /* ContactTopView.swift */ = {isa = PBXFileReference; lastKnownFileType = sourcecode.swift; path = ContactTopView.swift; sourceTree = "<group>"; };
		F4D7976B2770BFDD0034A35C /* ContactTopViewUITests.swift */ = {isa = PBXFileReference; lastKnownFileType = sourcecode.swift; path = ContactTopViewUITests.swift; sourceTree = "<group>"; };
		F4D7976D2770C89B0034A35C /* Bundle+Locator.swift */ = {isa = PBXFileReference; lastKnownFileType = sourcecode.swift; path = "Bundle+Locator.swift"; sourceTree = "<group>"; };
		F4D7976F2770C93C0034A35C /* String+Localizable.swift */ = {isa = PBXFileReference; lastKnownFileType = sourcecode.swift; path = "String+Localizable.swift"; sourceTree = "<group>"; };
		F4D797712770CC8D0034A35C /* Sample.swift */ = {isa = PBXFileReference; lastKnownFileType = sourcecode.swift; path = Sample.swift; sourceTree = "<group>"; };
		F4D7977327735B180034A35C /* ContactFormView.swift */ = {isa = PBXFileReference; lastKnownFileType = sourcecode.swift; path = ContactFormView.swift; sourceTree = "<group>"; };
		F4D7977627735C1C0034A35C /* ContactFormViewModel.swift */ = {isa = PBXFileReference; lastKnownFileType = sourcecode.swift; path = ContactFormViewModel.swift; sourceTree = "<group>"; };
		F4D7977827735E530034A35C /* ColorAssets.xcassets */ = {isa = PBXFileReference; lastKnownFileType = folder.assetcatalog; path = ColorAssets.xcassets; sourceTree = "<group>"; };
		F4D7977A27735EB40034A35C /* PlaceHolderTextEditor.swift */ = {isa = PBXFileReference; lastKnownFileType = sourcecode.swift; path = PlaceHolderTextEditor.swift; sourceTree = "<group>"; };
		F4D7977C27735FE60034A35C /* Color.swift */ = {isa = PBXFileReference; lastKnownFileType = sourcecode.swift; path = Color.swift; sourceTree = "<group>"; };
		F4D7977F277365C70034A35C /* XCUIElement+Async.swift */ = {isa = PBXFileReference; lastKnownFileType = sourcecode.swift; path = "XCUIElement+Async.swift"; sourceTree = "<group>"; };
		F4D79781277366070034A35C /* String+Localizable.swift */ = {isa = PBXFileReference; lastKnownFileType = sourcecode.swift; path = "String+Localizable.swift"; sourceTree = "<group>"; };
		F4D7978327736B010034A35C /* ContactFormViewUITests.swift */ = {isa = PBXFileReference; lastKnownFileType = sourcecode.swift; path = ContactFormViewUITests.swift; sourceTree = "<group>"; };
/* End PBXFileReference section */

/* Begin PBXFrameworksBuildPhase section */
		F4D796FC276CC7000034A35C /* Frameworks */ = {
			isa = PBXFrameworksBuildPhase;
			buildActionMask = 2147483647;
			files = (
				0E32BFE86FA22BE3C8F9753E /* Pods_SwiftUI_ContactFormCleanArchitecture.framework in Frameworks */,
			);
			runOnlyForDeploymentPostprocessing = 0;
		};
		F4D79711276CC7030034A35C /* Frameworks */ = {
			isa = PBXFrameworksBuildPhase;
			buildActionMask = 2147483647;
			files = (
				F47C3ECE2778B3DC00CDD87C /* Cuckoo.framework in Frameworks */,
				F5E6A20B641E4D2BFCB08C71 /* Pods_SwiftUI_ContactFormCleanArchitectureTests.framework in Frameworks */,
			);
			runOnlyForDeploymentPostprocessing = 0;
		};
		F4D7971B276CC7030034A35C /* Frameworks */ = {
			isa = PBXFrameworksBuildPhase;
			buildActionMask = 2147483647;
			files = (
				AE4374A86B00EC7A535ED8C3 /* Pods_SwiftUI_ContactFormCleanArchitecture_SwiftUI_ContactFormCleanArchitectureUITests.framework in Frameworks */,
			);
			runOnlyForDeploymentPostprocessing = 0;
		};
/* End PBXFrameworksBuildPhase section */

/* Begin PBXGroup section */
		A6431F10876A7308B0D45FA4 /* Frameworks */ = {
			isa = PBXGroup;
			children = (
				F47C3ECD2778B3DC00CDD87C /* Cuckoo.framework */,
				505B3A336D40038FB4928970 /* Pods_SwiftUI_ContactFormCleanArchitecture.framework */,
				2B8B345BC35467AF0AC9151D /* Pods_SwiftUI_ContactFormCleanArchitecture_SwiftUI_ContactFormCleanArchitectureUITests.framework */,
				9220B0420BD134ACDC91FA52 /* Pods_SwiftUI_ContactFormCleanArchitectureTests.framework */,
			);
			name = Frameworks;
			sourceTree = "<group>";
		};
		F47C3EC62778AC7700CDD87C /* Domain */ = {
			isa = PBXGroup;
			children = (
				F47C3EE52778BF2C00CDD87C /* Application */,
			);
			path = Domain;
			sourceTree = "<group>";
		};
		F47C3ED52778B7AD00CDD87C /* Inquiry */ = {
			isa = PBXGroup;
			children = (
				F47C3ED62778B7C300CDD87C /* InquiryHttpRepository.swift */,
			);
			path = Inquiry;
			sourceTree = "<group>";
		};
		F47C3ED82778B83000CDD87C /* Inquiry */ = {
			isa = PBXGroup;
			children = (
				F47C3ED92778B84300CDD87C /* Inquiry.swift */,
				F47C3EF32779E48100CDD87C /* AnsweredInquiry.swift */,
			);
			path = Inquiry;
			sourceTree = "<group>";
		};
		F47C3EDB2778B94300CDD87C /* Connection */ = {
			isa = PBXGroup;
			children = (
				F47C3EDC2778B95200CDD87C /* Http */,
			);
			path = Connection;
			sourceTree = "<group>";
		};
		F47C3EDC2778B95200CDD87C /* Http */ = {
			isa = PBXGroup;
			children = (
				F47C3EDD2778B95A00CDD87C /* Inquiry */,
			);
			path = Http;
			sourceTree = "<group>";
		};
		F47C3EDD2778B95A00CDD87C /* Inquiry */ = {
			isa = PBXGroup;
			children = (
				F47C3EDE2778B9F600CDD87C /* InquiryHttpConnectionImp.swift */,
			);
			path = Inquiry;
			sourceTree = "<group>";
		};
		F47C3EE02778BB0500CDD87C /* Inquiry */ = {
			isa = PBXGroup;
			children = (
				F47C3EE12778BBB000CDD87C /* InquiryUseCaseProtocol.swift */,
				F47C3EE32778BBDE00CDD87C /* InquiryUseCaseImpl.swift */,
			);
			path = Inquiry;
			sourceTree = "<group>";
		};
		F47C3EE52778BF2C00CDD87C /* Application */ = {
			isa = PBXGroup;
			children = (
				F47C3EE62778BF3700CDD87C /* UseCases */,
			);
			path = Application;
			sourceTree = "<group>";
		};
		F47C3EE62778BF3700CDD87C /* UseCases */ = {
			isa = PBXGroup;
			children = (
				F47C3EE72778BF4000CDD87C /* Inquiry */,
			);
			path = UseCases;
			sourceTree = "<group>";
		};
		F47C3EE72778BF4000CDD87C /* Inquiry */ = {
			isa = PBXGroup;
			children = (
				F47C3EE82778BF7100CDD87C /* InquiryUseCaseTests.swift */,
			);
			path = Inquiry;
			sourceTree = "<group>";
		};
		F47C3EEE2779E25F00CDD87C /* Presentation */ = {
			isa = PBXGroup;
			children = (
				F47C3EEF2779E29300CDD87C /* ViewModels */,
			);
			path = Presentation;
			sourceTree = "<group>";
		};
		F47C3EEF2779E29300CDD87C /* ViewModels */ = {
			isa = PBXGroup;
			children = (
				F47C3EF02779E2A000CDD87C /* Contact */,
			);
			path = ViewModels;
			sourceTree = "<group>";
		};
		F47C3EF02779E2A000CDD87C /* Contact */ = {
			isa = PBXGroup;
			children = (
				F47C3EF12779E2DD00CDD87C /* ContactFormViewModelTests.swift */,
			);
			path = Contact;
			sourceTree = "<group>";
		};
		F4D796F6276CC7000034A35C = {
			isa = PBXGroup;
			children = (
				F4D79701276CC7000034A35C /* SwiftUI-ContactFormCleanArchitecture */,
				F4D79717276CC7030034A35C /* SwiftUI-ContactFormCleanArchitectureTests */,
				F4D79721276CC7030034A35C /* SwiftUI-ContactFormCleanArchitectureUITests */,
				F4D79700276CC7000034A35C /* Products */,
				FA57C76BD4714C874D914A31 /* Pods */,
				A6431F10876A7308B0D45FA4 /* Frameworks */,
			);
			sourceTree = "<group>";
		};
		F4D79700276CC7000034A35C /* Products */ = {
			isa = PBXGroup;
			children = (
				F4D796FF276CC7000034A35C /* SwiftUI-ContactFormCleanArchitecture.app */,
				F4D79714276CC7030034A35C /* SwiftUI-ContactFormCleanArchitectureTests.xctest */,
				F4D7971E276CC7030034A35C /* SwiftUI-ContactFormCleanArchitectureUITests.xctest */,
			);
			name = Products;
			sourceTree = "<group>";
		};
		F4D79701276CC7000034A35C /* SwiftUI-ContactFormCleanArchitecture */ = {
			isa = PBXGroup;
			children = (
				F4D79702276CC7000034A35C /* SwiftUI-ContactFormCleanArchitectureApp.swift */,
				F4D79731276CCF640034A35C /* DataInfrastructure */,
				F4D79737276CD1220034A35C /* Domain */,
				F4D79740276CD24B0034A35C /* Manager */,
				F4D79742276CD2ED0034A35C /* Presentation */,
				F4D7974B276CD5510034A35C /* Resources */,
				F4D7974D276CD5E10034A35C /* Utils */,
				F4D79706276CC7020034A35C /* Assets.xcassets */,
				F4D7970B276CC7020034A35C /* Persistence.swift */,
				F4D7970D276CC7020034A35C /* SwiftUI-ContactFormCleanArchitecture.xcdatamodeld */,
				F4D79708276CC7020034A35C /* Preview Content */,
			);
			path = "SwiftUI-ContactFormCleanArchitecture";
			sourceTree = "<group>";
		};
		F4D79708276CC7020034A35C /* Preview Content */ = {
			isa = PBXGroup;
			children = (
				F4D79709276CC7020034A35C /* Preview Assets.xcassets */,
			);
			path = "Preview Content";
			sourceTree = "<group>";
		};
		F4D79717276CC7030034A35C /* SwiftUI-ContactFormCleanArchitectureTests */ = {
			isa = PBXGroup;
			children = (
				F47C3EEE2779E25F00CDD87C /* Presentation */,
				F47C3EC62778AC7700CDD87C /* Domain */,
				F47C3ED32778B5C900CDD87C /* GeneratedMocks.swift */,
				F4D79718276CC7030034A35C /* SwiftUI-ContactFormCleanArchitectureTests.swift */,
			);
			path = "SwiftUI-ContactFormCleanArchitectureTests";
			sourceTree = "<group>";
		};
		F4D79721276CC7030034A35C /* SwiftUI-ContactFormCleanArchitectureUITests */ = {
			isa = PBXGroup;
			children = (
				F4D7977E277365A10034A35C /* TestUtils */,
				F4D797692770BF800034A35C /* Views */,
				F4D79722276CC7030034A35C /* SwiftUI-ContactFormCleanArchitectureUITests.swift */,
			);
			path = "SwiftUI-ContactFormCleanArchitectureUITests";
			sourceTree = "<group>";
		};
		F4D79731276CCF640034A35C /* DataInfrastructure */ = {
			isa = PBXGroup;
			children = (
				F47C3EDB2778B94300CDD87C /* Connection */,
				F4D79732276CD04B0034A35C /* README.md */,
				F4D79733276CD08C0034A35C /* Mapper */,
				F4D79735276CD0C40034A35C /* Entities */,
			);
			path = DataInfrastructure;
			sourceTree = "<group>";
		};
		F4D79733276CD08C0034A35C /* Mapper */ = {
			isa = PBXGroup;
			children = (
				F4D79734276CD0A20034A35C /* README.md */,
			);
			path = Mapper;
			sourceTree = "<group>";
		};
		F4D79735276CD0C40034A35C /* Entities */ = {
			isa = PBXGroup;
			children = (
				F4D79736276CD0E20034A35C /* README.md */,
			);
			path = Entities;
			sourceTree = "<group>";
		};
		F4D79737276CD1220034A35C /* Domain */ = {
			isa = PBXGroup;
			children = (
				F4D7973B276CD1BF0034A35C /* DomainModel */,
				F4D79738276CD1530034A35C /* Application */,
			);
			path = Domain;
			sourceTree = "<group>";
		};
		F4D79738276CD1530034A35C /* Application */ = {
			isa = PBXGroup;
			children = (
				F4D79739276CD16D0034A35C /* UseCases */,
			);
			path = Application;
			sourceTree = "<group>";
		};
		F4D79739276CD16D0034A35C /* UseCases */ = {
			isa = PBXGroup;
			children = (
				F47C3EE02778BB0500CDD87C /* Inquiry */,
				F4D7973A276CD17B0034A35C /* README.md */,
			);
			path = UseCases;
			sourceTree = "<group>";
		};
		F4D7973B276CD1BF0034A35C /* DomainModel */ = {
			isa = PBXGroup;
			children = (
				F4D7973D276CD1DD0034A35C /* Repositories */,
				F4D7973C276CD1D40034A35C /* Model */,
			);
			path = DomainModel;
			sourceTree = "<group>";
		};
		F4D7973C276CD1D40034A35C /* Model */ = {
			isa = PBXGroup;
			children = (
				F47C3ED82778B83000CDD87C /* Inquiry */,
				F4D7973F276CD21C0034A35C /* README.md */,
			);
			path = Model;
			sourceTree = "<group>";
		};
		F4D7973D276CD1DD0034A35C /* Repositories */ = {
			isa = PBXGroup;
			children = (
				F47C3ED52778B7AD00CDD87C /* Inquiry */,
				F4D7973E276CD1F80034A35C /* README.md */,
				F47C3ECF2778B4D600CDD87C /* MockTest.swift */,
			);
			path = Repositories;
			sourceTree = "<group>";
		};
		F4D79740276CD24B0034A35C /* Manager */ = {
			isa = PBXGroup;
			children = (
				F4D79741276CD26D0034A35C /* README.md */,
			);
			path = Manager;
			sourceTree = "<group>";
		};
		F4D79742276CD2ED0034A35C /* Presentation */ = {
			isa = PBXGroup;
			children = (
				F4D79744276CD33B0034A35C /* ViewModels */,
				F4D79743276CD3320034A35C /* Views */,
			);
			path = Presentation;
			sourceTree = "<group>";
		};
		F4D79743276CD3320034A35C /* Views */ = {
			isa = PBXGroup;
			children = (
				F4D79704276CC7000034A35C /* ContentView.swift */,
				F4D797712770CC8D0034A35C /* Sample.swift */,
				F4D79765276E20170034A35C /* Contact */,
				F4D7974A276CD5050034A35C /* README.md */,
			);
			path = Views;
			sourceTree = "<group>";
		};
		F4D79744276CD33B0034A35C /* ViewModels */ = {
			isa = PBXGroup;
			children = (
				F47C3EF92779E95600CDD87C /* README.md */,
				F4D7977527735BDF0034A35C /* Contact */,
				F4D79748276CD4020034A35C /* Mapper */,
				F4D79745276CD37F0034A35C /* Model */,
			);
			path = ViewModels;
			sourceTree = "<group>";
		};
		F4D79745276CD37F0034A35C /* Model */ = {
			isa = PBXGroup;
			children = (
				F4D79746276CD3A80034A35C /* README.md */,
			);
			path = Model;
			sourceTree = "<group>";
		};
		F4D79748276CD4020034A35C /* Mapper */ = {
			isa = PBXGroup;
			children = (
				F4D79749276CD4320034A35C /* README.md */,
				F47C3EF72779E86300CDD87C /* ViewModelMapper.swift */,
				F47C3EF52779E7E200CDD87C /* InquiryViewModelMapper.swift */,
			);
			path = Mapper;
			sourceTree = "<group>";
		};
		F4D7974B276CD5510034A35C /* Resources */ = {
			isa = PBXGroup;
			children = (
				F4D7974C276CD5820034A35C /* README.md */,
				F4D7975F276CD8570034A35C /* Localizable.strings */,
				F4D7977827735E530034A35C /* ColorAssets.xcassets */,
			);
			path = Resources;
			sourceTree = "<group>";
		};
		F4D7974D276CD5E10034A35C /* Utils */ = {
			isa = PBXGroup;
			children = (
				F4D7974E276CD69C0034A35C /* README.md */,
				F47C3EFA277B607100CDD87C /* Encodable+Dictionary.swift */,
				F47C3EFC277B60D600CDD87C /* APIClient.swift */,
				F4D7976D2770C89B0034A35C /* Bundle+Locator.swift */,
				F4D7976F2770C93C0034A35C /* String+Localizable.swift */,
				F4D7977A27735EB40034A35C /* PlaceHolderTextEditor.swift */,
				F4D7977C27735FE60034A35C /* Color.swift */,
				F47C3EEA2778C0DC00CDD87C /* DIContainer.swift */,
			);
			path = Utils;
			sourceTree = "<group>";
		};
		F4D79765276E20170034A35C /* Contact */ = {
			isa = PBXGroup;
			children = (
				F4D79766276E203A0034A35C /* ContactTopView.swift */,
				F4D7977327735B180034A35C /* ContactFormView.swift */,
			);
			path = Contact;
			sourceTree = "<group>";
		};
		F4D797692770BF800034A35C /* Views */ = {
			isa = PBXGroup;
			children = (
				F4D7976A2770BF8C0034A35C /* Contact */,
			);
			path = Views;
			sourceTree = "<group>";
		};
		F4D7976A2770BF8C0034A35C /* Contact */ = {
			isa = PBXGroup;
			children = (
				F4D7976B2770BFDD0034A35C /* ContactTopViewUITests.swift */,
				F4D7978327736B010034A35C /* ContactFormViewUITests.swift */,
			);
			path = Contact;
			sourceTree = "<group>";
		};
		F4D7977527735BDF0034A35C /* Contact */ = {
			isa = PBXGroup;
			children = (
				F4D79763276E1FF90034A35C /* ContactTopViewModel.swift */,
				F4D7977627735C1C0034A35C /* ContactFormViewModel.swift */,
			);
			path = Contact;
			sourceTree = "<group>";
		};
		F4D7977E277365A10034A35C /* TestUtils */ = {
			isa = PBXGroup;
			children = (
				F4D7977F277365C70034A35C /* XCUIElement+Async.swift */,
				F4D79781277366070034A35C /* String+Localizable.swift */,
			);
			path = TestUtils;
			sourceTree = "<group>";
		};
		FA57C76BD4714C874D914A31 /* Pods */ = {
			isa = PBXGroup;
			children = (
				927FCE32B1E640A7A6DCDB51 /* Pods-SwiftUI_ContactForm_CleanArchitecture.debug.xcconfig */,
				9ADA53A272E22A1D0C121981 /* Pods-SwiftUI_ContactForm_CleanArchitecture.release.xcconfig */,
				332BB45033342EE8DB278660 /* Pods-SwiftUI_ContactForm_CleanArchitecture-SwiftUI_ContactForm_CleanArchitectureUITests.debug.xcconfig */,
				BC5C77019FD8697EA9D28CBB /* Pods-SwiftUI_ContactForm_CleanArchitecture-SwiftUI_ContactForm_CleanArchitectureUITests.release.xcconfig */,
				717FB61740F53C5E42ACEF44 /* Pods-SwiftUI_ContactForm_CleanArchitectureTests.debug.xcconfig */,
				47C8B19EB1AD0D749B73563F /* Pods-SwiftUI_ContactForm_CleanArchitectureTests.release.xcconfig */,
				642752291401C9172FF61950 /* Pods-SwiftUI-ContactFormCleanArchitecture.debug.xcconfig */,
				C13BFC5B24B74A453779F6D0 /* Pods-SwiftUI-ContactFormCleanArchitecture.release.xcconfig */,
				779A2211480DB9E5080EE6FB /* Pods-SwiftUI-ContactFormCleanArchitecture-SwiftUI-ContactFormCleanArchitectureUITests.debug.xcconfig */,
				896EED1B4722C6250215742C /* Pods-SwiftUI-ContactFormCleanArchitecture-SwiftUI-ContactFormCleanArchitectureUITests.release.xcconfig */,
				0C31023F3EA3F5277D0BC5DC /* Pods-SwiftUI-ContactFormCleanArchitectureTests.debug.xcconfig */,
				5DEA40BF2C64D17ADBEF5270 /* Pods-SwiftUI-ContactFormCleanArchitectureTests.release.xcconfig */,
			);
			path = Pods;
			sourceTree = "<group>";
		};
/* End PBXGroup section */

/* Begin PBXNativeTarget section */
		F4D796FE276CC7000034A35C /* SwiftUI-ContactFormCleanArchitecture */ = {
			isa = PBXNativeTarget;
			buildConfigurationList = F4D79728276CC7030034A35C /* Build configuration list for PBXNativeTarget "SwiftUI-ContactFormCleanArchitecture" */;
			buildPhases = (
				9A8449DB6B3A906B4C8A0D65 /* [CP] Check Pods Manifest.lock */,
				F4D796FB276CC7000034A35C /* Sources */,
				F4D796FC276CC7000034A35C /* Frameworks */,
				F4D796FD276CC7000034A35C /* Resources */,
				F47C3EC52778A3B300CDD87C /* Run Script */,
				0E72239B9E1CFBCFBA2DC761 /* [CP] Embed Pods Frameworks */,
			);
			buildRules = (
			);
			dependencies = (
			);
			name = "SwiftUI-ContactFormCleanArchitecture";
			productName = SwiftUI_ContactForm_CleanArchitecture;
			productReference = F4D796FF276CC7000034A35C /* SwiftUI-ContactFormCleanArchitecture.app */;
			productType = "com.apple.product-type.application";
		};
		F4D79713276CC7030034A35C /* SwiftUI-ContactFormCleanArchitectureTests */ = {
			isa = PBXNativeTarget;
			buildConfigurationList = F4D7972B276CC7030034A35C /* Build configuration list for PBXNativeTarget "SwiftUI-ContactFormCleanArchitectureTests" */;
			buildPhases = (
				0F216C6A8E6DE90D46E38717 /* [CP] Check Pods Manifest.lock */,
				F4D79710276CC7030034A35C /* Sources */,
				F4D79711276CC7030034A35C /* Frameworks */,
				F4D79712276CC7030034A35C /* Resources */,
				481148CDAFFF8E7D5A9139EC /* [CP] Embed Pods Frameworks */,
			);
			buildRules = (
			);
			dependencies = (
				F4D79716276CC7030034A35C /* PBXTargetDependency */,
			);
			name = "SwiftUI-ContactFormCleanArchitectureTests";
			productName = SwiftUI_ContactForm_CleanArchitectureTests;
			productReference = F4D79714276CC7030034A35C /* SwiftUI-ContactFormCleanArchitectureTests.xctest */;
			productType = "com.apple.product-type.bundle.unit-test";
		};
		F4D7971D276CC7030034A35C /* SwiftUI-ContactFormCleanArchitectureUITests */ = {
			isa = PBXNativeTarget;
			buildConfigurationList = F4D7972E276CC7030034A35C /* Build configuration list for PBXNativeTarget "SwiftUI-ContactFormCleanArchitectureUITests" */;
			buildPhases = (
				34D2F743A40099ED8F5910A1 /* [CP] Check Pods Manifest.lock */,
				F4D7971A276CC7030034A35C /* Sources */,
				F4D7971B276CC7030034A35C /* Frameworks */,
				F4D7971C276CC7030034A35C /* Resources */,
				15FCF64C8823927653EEC1F1 /* [CP] Embed Pods Frameworks */,
			);
			buildRules = (
			);
			dependencies = (
				F4D79720276CC7030034A35C /* PBXTargetDependency */,
			);
			name = "SwiftUI-ContactFormCleanArchitectureUITests";
			productName = SwiftUI_ContactForm_CleanArchitectureUITests;
			productReference = F4D7971E276CC7030034A35C /* SwiftUI-ContactFormCleanArchitectureUITests.xctest */;
			productType = "com.apple.product-type.bundle.ui-testing";
		};
/* End PBXNativeTarget section */

/* Begin PBXProject section */
		F4D796F7276CC7000034A35C /* Project object */ = {
			isa = PBXProject;
			attributes = {
				BuildIndependentTargetsInParallel = 1;
				LastSwiftUpdateCheck = 1310;
				LastUpgradeCheck = 1310;
				TargetAttributes = {
					F4D796FE276CC7000034A35C = {
						CreatedOnToolsVersion = 13.1;
					};
					F4D79713276CC7030034A35C = {
						CreatedOnToolsVersion = 13.1;
						TestTargetID = F4D796FE276CC7000034A35C;
					};
					F4D7971D276CC7030034A35C = {
						CreatedOnToolsVersion = 13.1;
						TestTargetID = F4D796FE276CC7000034A35C;
					};
				};
			};
			buildConfigurationList = F4D796FA276CC7000034A35C /* Build configuration list for PBXProject "SwiftUI-ContactFormCleanArchitecture" */;
			compatibilityVersion = "Xcode 13.0";
			developmentRegion = en;
			hasScannedForEncodings = 0;
			knownRegions = (
				en,
				Base,
				ja,
			);
			mainGroup = F4D796F6276CC7000034A35C;
			productRefGroup = F4D79700276CC7000034A35C /* Products */;
			projectDirPath = "";
			projectRoot = "";
			targets = (
				F4D796FE276CC7000034A35C /* SwiftUI-ContactFormCleanArchitecture */,
				F4D79713276CC7030034A35C /* SwiftUI-ContactFormCleanArchitectureTests */,
				F4D7971D276CC7030034A35C /* SwiftUI-ContactFormCleanArchitectureUITests */,
			);
		};
/* End PBXProject section */

/* Begin PBXResourcesBuildPhase section */
		F4D796FD276CC7000034A35C /* Resources */ = {
			isa = PBXResourcesBuildPhase;
			buildActionMask = 2147483647;
			files = (
				F4D7970A276CC7020034A35C /* Preview Assets.xcassets in Resources */,
				F4D7975D276CD8570034A35C /* Localizable.strings in Resources */,
				F4D7977927735E530034A35C /* ColorAssets.xcassets in Resources */,
				F4D79707276CC7020034A35C /* Assets.xcassets in Resources */,
			);
			runOnlyForDeploymentPostprocessing = 0;
		};
		F4D79712276CC7030034A35C /* Resources */ = {
			isa = PBXResourcesBuildPhase;
			buildActionMask = 2147483647;
			files = (
			);
			runOnlyForDeploymentPostprocessing = 0;
		};
		F4D7971C276CC7030034A35C /* Resources */ = {
			isa = PBXResourcesBuildPhase;
			buildActionMask = 2147483647;
			files = (
			);
			runOnlyForDeploymentPostprocessing = 0;
		};
/* End PBXResourcesBuildPhase section */

/* Begin PBXShellScriptBuildPhase section */
		0E72239B9E1CFBCFBA2DC761 /* [CP] Embed Pods Frameworks */ = {
			isa = PBXShellScriptBuildPhase;
			buildActionMask = 2147483647;
			files = (
			);
			inputFileListPaths = (
				"${PODS_ROOT}/Target Support Files/Pods-SwiftUI-ContactFormCleanArchitecture/Pods-SwiftUI-ContactFormCleanArchitecture-frameworks-${CONFIGURATION}-input-files.xcfilelist",
			);
			name = "[CP] Embed Pods Frameworks";
			outputFileListPaths = (
				"${PODS_ROOT}/Target Support Files/Pods-SwiftUI-ContactFormCleanArchitecture/Pods-SwiftUI-ContactFormCleanArchitecture-frameworks-${CONFIGURATION}-output-files.xcfilelist",
			);
			runOnlyForDeploymentPostprocessing = 0;
			shellPath = /bin/sh;
			shellScript = "\"${PODS_ROOT}/Target Support Files/Pods-SwiftUI-ContactFormCleanArchitecture/Pods-SwiftUI-ContactFormCleanArchitecture-frameworks.sh\"\n";
			showEnvVarsInLog = 0;
		};
		0F216C6A8E6DE90D46E38717 /* [CP] Check Pods Manifest.lock */ = {
			isa = PBXShellScriptBuildPhase;
			buildActionMask = 2147483647;
			files = (
			);
			inputFileListPaths = (
			);
			inputPaths = (
				"${PODS_PODFILE_DIR_PATH}/Podfile.lock",
				"${PODS_ROOT}/Manifest.lock",
			);
			name = "[CP] Check Pods Manifest.lock";
			outputFileListPaths = (
			);
			outputPaths = (
				"$(DERIVED_FILE_DIR)/Pods-SwiftUI-ContactFormCleanArchitectureTests-checkManifestLockResult.txt",
			);
			runOnlyForDeploymentPostprocessing = 0;
			shellPath = /bin/sh;
			shellScript = "diff \"${PODS_PODFILE_DIR_PATH}/Podfile.lock\" \"${PODS_ROOT}/Manifest.lock\" > /dev/null\nif [ $? != 0 ] ; then\n    # print error to STDERR\n    echo \"error: The sandbox is not in sync with the Podfile.lock. Run 'pod install' or update your CocoaPods installation.\" >&2\n    exit 1\nfi\n# This output is used by Xcode 'outputs' to avoid re-running this script phase.\necho \"SUCCESS\" > \"${SCRIPT_OUTPUT_FILE_0}\"\n";
			showEnvVarsInLog = 0;
		};
		15FCF64C8823927653EEC1F1 /* [CP] Embed Pods Frameworks */ = {
			isa = PBXShellScriptBuildPhase;
			buildActionMask = 2147483647;
			files = (
			);
			inputFileListPaths = (
				"${PODS_ROOT}/Target Support Files/Pods-SwiftUI-ContactFormCleanArchitecture-SwiftUI-ContactFormCleanArchitectureUITests/Pods-SwiftUI-ContactFormCleanArchitecture-SwiftUI-ContactFormCleanArchitectureUITests-frameworks-${CONFIGURATION}-input-files.xcfilelist",
			);
			name = "[CP] Embed Pods Frameworks";
			outputFileListPaths = (
				"${PODS_ROOT}/Target Support Files/Pods-SwiftUI-ContactFormCleanArchitecture-SwiftUI-ContactFormCleanArchitectureUITests/Pods-SwiftUI-ContactFormCleanArchitecture-SwiftUI-ContactFormCleanArchitectureUITests-frameworks-${CONFIGURATION}-output-files.xcfilelist",
			);
			runOnlyForDeploymentPostprocessing = 0;
			shellPath = /bin/sh;
			shellScript = "\"${PODS_ROOT}/Target Support Files/Pods-SwiftUI-ContactFormCleanArchitecture-SwiftUI-ContactFormCleanArchitectureUITests/Pods-SwiftUI-ContactFormCleanArchitecture-SwiftUI-ContactFormCleanArchitectureUITests-frameworks.sh\"\n";
			showEnvVarsInLog = 0;
		};
		34D2F743A40099ED8F5910A1 /* [CP] Check Pods Manifest.lock */ = {
			isa = PBXShellScriptBuildPhase;
			buildActionMask = 2147483647;
			files = (
			);
			inputFileListPaths = (
			);
			inputPaths = (
				"${PODS_PODFILE_DIR_PATH}/Podfile.lock",
				"${PODS_ROOT}/Manifest.lock",
			);
			name = "[CP] Check Pods Manifest.lock";
			outputFileListPaths = (
			);
			outputPaths = (
				"$(DERIVED_FILE_DIR)/Pods-SwiftUI-ContactFormCleanArchitecture-SwiftUI-ContactFormCleanArchitectureUITests-checkManifestLockResult.txt",
			);
			runOnlyForDeploymentPostprocessing = 0;
			shellPath = /bin/sh;
			shellScript = "diff \"${PODS_PODFILE_DIR_PATH}/Podfile.lock\" \"${PODS_ROOT}/Manifest.lock\" > /dev/null\nif [ $? != 0 ] ; then\n    # print error to STDERR\n    echo \"error: The sandbox is not in sync with the Podfile.lock. Run 'pod install' or update your CocoaPods installation.\" >&2\n    exit 1\nfi\n# This output is used by Xcode 'outputs' to avoid re-running this script phase.\necho \"SUCCESS\" > \"${SCRIPT_OUTPUT_FILE_0}\"\n";
			showEnvVarsInLog = 0;
		};
		481148CDAFFF8E7D5A9139EC /* [CP] Embed Pods Frameworks */ = {
			isa = PBXShellScriptBuildPhase;
			buildActionMask = 2147483647;
			files = (
			);
			inputFileListPaths = (
				"${PODS_ROOT}/Target Support Files/Pods-SwiftUI-ContactFormCleanArchitectureTests/Pods-SwiftUI-ContactFormCleanArchitectureTests-frameworks-${CONFIGURATION}-input-files.xcfilelist",
			);
			name = "[CP] Embed Pods Frameworks";
			outputFileListPaths = (
				"${PODS_ROOT}/Target Support Files/Pods-SwiftUI-ContactFormCleanArchitectureTests/Pods-SwiftUI-ContactFormCleanArchitectureTests-frameworks-${CONFIGURATION}-output-files.xcfilelist",
			);
			runOnlyForDeploymentPostprocessing = 0;
			shellPath = /bin/sh;
			shellScript = "\"${PODS_ROOT}/Target Support Files/Pods-SwiftUI-ContactFormCleanArchitectureTests/Pods-SwiftUI-ContactFormCleanArchitectureTests-frameworks.sh\"\n";
			showEnvVarsInLog = 0;
		};
		9A8449DB6B3A906B4C8A0D65 /* [CP] Check Pods Manifest.lock */ = {
			isa = PBXShellScriptBuildPhase;
			buildActionMask = 2147483647;
			files = (
			);
			inputFileListPaths = (
			);
			inputPaths = (
				"${PODS_PODFILE_DIR_PATH}/Podfile.lock",
				"${PODS_ROOT}/Manifest.lock",
			);
			name = "[CP] Check Pods Manifest.lock";
			outputFileListPaths = (
			);
			outputPaths = (
				"$(DERIVED_FILE_DIR)/Pods-SwiftUI-ContactFormCleanArchitecture-checkManifestLockResult.txt",
			);
			runOnlyForDeploymentPostprocessing = 0;
			shellPath = /bin/sh;
			shellScript = "diff \"${PODS_PODFILE_DIR_PATH}/Podfile.lock\" \"${PODS_ROOT}/Manifest.lock\" > /dev/null\nif [ $? != 0 ] ; then\n    # print error to STDERR\n    echo \"error: The sandbox is not in sync with the Podfile.lock. Run 'pod install' or update your CocoaPods installation.\" >&2\n    exit 1\nfi\n# This output is used by Xcode 'outputs' to avoid re-running this script phase.\necho \"SUCCESS\" > \"${SCRIPT_OUTPUT_FILE_0}\"\n";
			showEnvVarsInLog = 0;
		};
		F47C3EC52778A3B300CDD87C /* Run Script */ = {
			isa = PBXShellScriptBuildPhase;
			buildActionMask = 2147483647;
			files = (
			);
			inputFileListPaths = (
			);
			inputPaths = (
			);
			name = "Run Script";
			outputFileListPaths = (
			);
			outputPaths = (
			);
			runOnlyForDeploymentPostprocessing = 0;
			shellPath = /bin/sh;
			shellScript = "#!/bin/sh\n\n#  RunScript.sh\n#  SwiftUI_ContactForm_CleanArchitecture\n#\n#  Created by Hiroaki-Hirabayashi on 2021/12/26.\n#  \n# Type a script or drag a script file from your workspace to insert its path.\nif [ $ACTION == \"indexbuild\" ]; then\n  echo \"Not running Cuckoo generator during indexing.\"\n  exit 0\nfi\n\n# Skip for preview builds\nif [ \"${ENABLE_PREVIEWS}\" = \"YES\" ]; then\n  echo \"Not running Cuckoo generator during preview builds.\"\n  exit 0\nfi\n\n# テストディレクトリを指定する\nOUTPUT_FILE=\"${PROJECT_DIR}/SwiftUI-ContactFormCleanArchitectureTests/GeneratedMocks.swift\"\necho \"Generated Mocks File = ${OUTPUT_FILE}\"\n\n モジュールディレクトリを指定する\n INPUT_DIR=\"${PROJECT_DIR}/SwiftUI-ContactFormCleanArchitecture\"\n echo \"Mocks Input Directory = ${INPUT_DIR}\"\n\n# Generate mock files, include as many input files as you'd like to create mocks for.\n# モックの対象となるprotocolファイルをここに追記していく\nMODULE_NAME=\"SwiftUI-ContactFormCleanArchitecture\"\n\"${PODS_ROOT}/Cuckoo/run\" generate --testable \"${MODULE_NAME}\" \\\n--output \"${OUTPUT_FILE}\" \\\n\"${INPUT_DIR}/Domain/DomainModel/Repositories/MockTest.swift\" \\\n\"${INPUT_DIR}/Domain/DomainModel/Repositories/Inquiry/InquiryHttpRepository.swift\" \\\n\"${INPUT_DIR}/Domain/Application/UseCases/Inquiry/InquiryUseCaseProtocol.swift\"\n";
		};
/* End PBXShellScriptBuildPhase section */

/* Begin PBXSourcesBuildPhase section */
		F4D796FB276CC7000034A35C /* Sources */ = {
			isa = PBXSourcesBuildPhase;
			buildActionMask = 2147483647;
			files = (
				F4D79764276E1FF90034A35C /* ContactTopViewModel.swift in Sources */,
				F47C3ED02778B4D600CDD87C /* MockTest.swift in Sources */,
				F4D797722770CC8D0034A35C /* Sample.swift in Sources */,
				F47C3EF82779E86300CDD87C /* ViewModelMapper.swift in Sources */,
				F47C3EFB277B607100CDD87C /* Encodable+Dictionary.swift in Sources */,
				F4D79767276E203A0034A35C /* ContactTopView.swift in Sources */,
				F4D7976E2770C89C0034A35C /* Bundle+Locator.swift in Sources */,
				F4D7977D27735FE60034A35C /* Color.swift in Sources */,
				F47C3EF42779E48100CDD87C /* AnsweredInquiry.swift in Sources */,
				F4D7970C276CC7020034A35C /* Persistence.swift in Sources */,
				F47C3EE42778BBDE00CDD87C /* InquiryUseCaseImpl.swift in Sources */,
				F47C3EFD277B60D600CDD87C /* APIClient.swift in Sources */,
				F4D79705276CC7000034A35C /* ContentView.swift in Sources */,
				F47C3EDA2778B84300CDD87C /* Inquiry.swift in Sources */,
				F4D79703276CC7000034A35C /* SwiftUI-ContactFormCleanArchitectureApp.swift in Sources */,
				F47C3EEB2778C0DC00CDD87C /* DIContainer.swift in Sources */,
				F4D7977727735C1C0034A35C /* ContactFormViewModel.swift in Sources */,
				F4D7977B27735EB40034A35C /* PlaceHolderTextEditor.swift in Sources */,
				F47C3ED72778B7C300CDD87C /* InquiryHttpRepository.swift in Sources */,
				F4D797702770C93C0034A35C /* String+Localizable.swift in Sources */,
				F47C3EF62779E7E200CDD87C /* InquiryViewModelMapper.swift in Sources */,
				F47C3EDF2778B9F600CDD87C /* InquiryHttpConnectionImp.swift in Sources */,
				F4D7977427735B190034A35C /* ContactFormView.swift in Sources */,
				F47C3EE22778BBB000CDD87C /* InquiryUseCaseProtocol.swift in Sources */,
			);
			runOnlyForDeploymentPostprocessing = 0;
		};
		F4D79710276CC7030034A35C /* Sources */ = {
			isa = PBXSourcesBuildPhase;
			buildActionMask = 2147483647;
			files = (
				F47C3EE92778BF7100CDD87C /* InquiryUseCaseTests.swift in Sources */,
				F47C3EF22779E2DD00CDD87C /* ContactFormViewModelTests.swift in Sources */,
				F4D79719276CC7030034A35C /* SwiftUI-ContactFormCleanArchitectureTests.swift in Sources */,
				F47C3ED42778B5C900CDD87C /* GeneratedMocks.swift in Sources */,
			);
			runOnlyForDeploymentPostprocessing = 0;
		};
		F4D7971A276CC7030034A35C /* Sources */ = {
			isa = PBXSourcesBuildPhase;
			buildActionMask = 2147483647;
			files = (
				F4D7976C2770BFDD0034A35C /* ContactTopViewUITests.swift in Sources */,
				F4D7978427736B010034A35C /* ContactFormViewUITests.swift in Sources */,
				F4D79782277366070034A35C /* String+Localizable.swift in Sources */,
				F4D79780277365C80034A35C /* XCUIElement+Async.swift in Sources */,
				F4D79723276CC7030034A35C /* SwiftUI-ContactFormCleanArchitectureUITests.swift in Sources */,
			);
			runOnlyForDeploymentPostprocessing = 0;
		};
/* End PBXSourcesBuildPhase section */

/* Begin PBXTargetDependency section */
		F4D79716276CC7030034A35C /* PBXTargetDependency */ = {
			isa = PBXTargetDependency;
			target = F4D796FE276CC7000034A35C /* SwiftUI-ContactFormCleanArchitecture */;
			targetProxy = F4D79715276CC7030034A35C /* PBXContainerItemProxy */;
		};
		F4D79720276CC7030034A35C /* PBXTargetDependency */ = {
			isa = PBXTargetDependency;
			target = F4D796FE276CC7000034A35C /* SwiftUI-ContactFormCleanArchitecture */;
			targetProxy = F4D7971F276CC7030034A35C /* PBXContainerItemProxy */;
		};
/* End PBXTargetDependency section */

/* Begin PBXVariantGroup section */
		F4D7975F276CD8570034A35C /* Localizable.strings */ = {
			isa = PBXVariantGroup;
			children = (
				F4D79761276CD8BE0034A35C /* ja */,
				F4D79762276CD8EE0034A35C /* en */,
			);
			name = Localizable.strings;
			sourceTree = "<group>";
		};
/* End PBXVariantGroup section */

/* Begin XCBuildConfiguration section */
		F4D79726276CC7030034A35C /* Debug */ = {
			isa = XCBuildConfiguration;
			buildSettings = {
				ALWAYS_SEARCH_USER_PATHS = NO;
				CLANG_ANALYZER_NONNULL = YES;
				CLANG_ANALYZER_NUMBER_OBJECT_CONVERSION = YES_AGGRESSIVE;
				CLANG_CXX_LANGUAGE_STANDARD = "gnu++17";
				CLANG_CXX_LIBRARY = "libc++";
				CLANG_ENABLE_MODULES = YES;
				CLANG_ENABLE_OBJC_ARC = YES;
				CLANG_ENABLE_OBJC_WEAK = YES;
				CLANG_WARN_BLOCK_CAPTURE_AUTORELEASING = YES;
				CLANG_WARN_BOOL_CONVERSION = YES;
				CLANG_WARN_COMMA = YES;
				CLANG_WARN_CONSTANT_CONVERSION = YES;
				CLANG_WARN_DEPRECATED_OBJC_IMPLEMENTATIONS = YES;
				CLANG_WARN_DIRECT_OBJC_ISA_USAGE = YES_ERROR;
				CLANG_WARN_DOCUMENTATION_COMMENTS = YES;
				CLANG_WARN_EMPTY_BODY = YES;
				CLANG_WARN_ENUM_CONVERSION = YES;
				CLANG_WARN_INFINITE_RECURSION = YES;
				CLANG_WARN_INT_CONVERSION = YES;
				CLANG_WARN_NON_LITERAL_NULL_CONVERSION = YES;
				CLANG_WARN_OBJC_IMPLICIT_RETAIN_SELF = YES;
				CLANG_WARN_OBJC_LITERAL_CONVERSION = YES;
				CLANG_WARN_OBJC_ROOT_CLASS = YES_ERROR;
				CLANG_WARN_QUOTED_INCLUDE_IN_FRAMEWORK_HEADER = YES;
				CLANG_WARN_RANGE_LOOP_ANALYSIS = YES;
				CLANG_WARN_STRICT_PROTOTYPES = YES;
				CLANG_WARN_SUSPICIOUS_MOVE = YES;
				CLANG_WARN_UNGUARDED_AVAILABILITY = YES_AGGRESSIVE;
				CLANG_WARN_UNREACHABLE_CODE = YES;
				CLANG_WARN__DUPLICATE_METHOD_MATCH = YES;
				COPY_PHASE_STRIP = NO;
				DEBUG_INFORMATION_FORMAT = dwarf;
				ENABLE_STRICT_OBJC_MSGSEND = YES;
				ENABLE_TESTABILITY = YES;
				GCC_C_LANGUAGE_STANDARD = gnu11;
				GCC_DYNAMIC_NO_PIC = NO;
				GCC_NO_COMMON_BLOCKS = YES;
				GCC_OPTIMIZATION_LEVEL = 0;
				GCC_PREPROCESSOR_DEFINITIONS = (
					"DEBUG=1",
					"$(inherited)",
				);
				GCC_WARN_64_TO_32_BIT_CONVERSION = YES;
				GCC_WARN_ABOUT_RETURN_TYPE = YES_ERROR;
				GCC_WARN_UNDECLARED_SELECTOR = YES;
				GCC_WARN_UNINITIALIZED_AUTOS = YES_AGGRESSIVE;
				GCC_WARN_UNUSED_FUNCTION = YES;
				GCC_WARN_UNUSED_VARIABLE = YES;
				IPHONEOS_DEPLOYMENT_TARGET = 15.0;
				MTL_ENABLE_DEBUG_INFO = INCLUDE_SOURCE;
				MTL_FAST_MATH = YES;
				ONLY_ACTIVE_ARCH = YES;
				SDKROOT = iphoneos;
				SWIFT_ACTIVE_COMPILATION_CONDITIONS = DEBUG;
				SWIFT_OPTIMIZATION_LEVEL = "-Onone";
			};
			name = Debug;
		};
		F4D79727276CC7030034A35C /* Release */ = {
			isa = XCBuildConfiguration;
			buildSettings = {
				ALWAYS_SEARCH_USER_PATHS = NO;
				CLANG_ANALYZER_NONNULL = YES;
				CLANG_ANALYZER_NUMBER_OBJECT_CONVERSION = YES_AGGRESSIVE;
				CLANG_CXX_LANGUAGE_STANDARD = "gnu++17";
				CLANG_CXX_LIBRARY = "libc++";
				CLANG_ENABLE_MODULES = YES;
				CLANG_ENABLE_OBJC_ARC = YES;
				CLANG_ENABLE_OBJC_WEAK = YES;
				CLANG_WARN_BLOCK_CAPTURE_AUTORELEASING = YES;
				CLANG_WARN_BOOL_CONVERSION = YES;
				CLANG_WARN_COMMA = YES;
				CLANG_WARN_CONSTANT_CONVERSION = YES;
				CLANG_WARN_DEPRECATED_OBJC_IMPLEMENTATIONS = YES;
				CLANG_WARN_DIRECT_OBJC_ISA_USAGE = YES_ERROR;
				CLANG_WARN_DOCUMENTATION_COMMENTS = YES;
				CLANG_WARN_EMPTY_BODY = YES;
				CLANG_WARN_ENUM_CONVERSION = YES;
				CLANG_WARN_INFINITE_RECURSION = YES;
				CLANG_WARN_INT_CONVERSION = YES;
				CLANG_WARN_NON_LITERAL_NULL_CONVERSION = YES;
				CLANG_WARN_OBJC_IMPLICIT_RETAIN_SELF = YES;
				CLANG_WARN_OBJC_LITERAL_CONVERSION = YES;
				CLANG_WARN_OBJC_ROOT_CLASS = YES_ERROR;
				CLANG_WARN_QUOTED_INCLUDE_IN_FRAMEWORK_HEADER = YES;
				CLANG_WARN_RANGE_LOOP_ANALYSIS = YES;
				CLANG_WARN_STRICT_PROTOTYPES = YES;
				CLANG_WARN_SUSPICIOUS_MOVE = YES;
				CLANG_WARN_UNGUARDED_AVAILABILITY = YES_AGGRESSIVE;
				CLANG_WARN_UNREACHABLE_CODE = YES;
				CLANG_WARN__DUPLICATE_METHOD_MATCH = YES;
				COPY_PHASE_STRIP = NO;
				DEBUG_INFORMATION_FORMAT = "dwarf-with-dsym";
				ENABLE_NS_ASSERTIONS = NO;
				ENABLE_STRICT_OBJC_MSGSEND = YES;
				GCC_C_LANGUAGE_STANDARD = gnu11;
				GCC_NO_COMMON_BLOCKS = YES;
				GCC_WARN_64_TO_32_BIT_CONVERSION = YES;
				GCC_WARN_ABOUT_RETURN_TYPE = YES_ERROR;
				GCC_WARN_UNDECLARED_SELECTOR = YES;
				GCC_WARN_UNINITIALIZED_AUTOS = YES_AGGRESSIVE;
				GCC_WARN_UNUSED_FUNCTION = YES;
				GCC_WARN_UNUSED_VARIABLE = YES;
				IPHONEOS_DEPLOYMENT_TARGET = 15.0;
				MTL_ENABLE_DEBUG_INFO = NO;
				MTL_FAST_MATH = YES;
				SDKROOT = iphoneos;
				SWIFT_COMPILATION_MODE = wholemodule;
				SWIFT_OPTIMIZATION_LEVEL = "-O";
				VALIDATE_PRODUCT = YES;
			};
			name = Release;
		};
		F4D79729276CC7030034A35C /* Debug */ = {
			isa = XCBuildConfiguration;
			baseConfigurationReference = 642752291401C9172FF61950 /* Pods-SwiftUI-ContactFormCleanArchitecture.debug.xcconfig */;
			buildSettings = {
				ASSETCATALOG_COMPILER_APPICON_NAME = AppIcon;
				ASSETCATALOG_COMPILER_GLOBAL_ACCENT_COLOR_NAME = AccentColor;
				CODE_SIGN_STYLE = Automatic;
				CURRENT_PROJECT_VERSION = 1;
				DEVELOPMENT_ASSET_PATHS = "\"SwiftUI-ContactFormCleanArchitecture/Preview Content\"";
				DEVELOPMENT_TEAM = S3PW95J64Q;
				ENABLE_PREVIEWS = YES;
				GENERATE_INFOPLIST_FILE = YES;
				INFOPLIST_KEY_UIApplicationSceneManifest_Generation = YES;
				INFOPLIST_KEY_UIApplicationSupportsIndirectInputEvents = YES;
				INFOPLIST_KEY_UILaunchScreen_Generation = YES;
				INFOPLIST_KEY_UISupportedInterfaceOrientations_iPad = "UIInterfaceOrientationPortrait UIInterfaceOrientationPortraitUpsideDown UIInterfaceOrientationLandscapeLeft UIInterfaceOrientationLandscapeRight";
				INFOPLIST_KEY_UISupportedInterfaceOrientations_iPhone = "UIInterfaceOrientationPortrait UIInterfaceOrientationLandscapeLeft UIInterfaceOrientationLandscapeRight";
				LD_RUNPATH_SEARCH_PATHS = (
					"$(inherited)",
					"@executable_path/Frameworks",
				);
				MARKETING_VERSION = 1.0;
				PRODUCT_BUNDLE_IDENTIFIER = "com.Hiroaki-Hirabayashi.SwiftUI-ContactForm-CleanArchitecture";
				PRODUCT_NAME = "$(TARGET_NAME)";
				SWIFT_EMIT_LOC_STRINGS = YES;
				SWIFT_VERSION = 5.0;
				TARGETED_DEVICE_FAMILY = "1,2";
			};
			name = Debug;
		};
		F4D7972A276CC7030034A35C /* Release */ = {
			isa = XCBuildConfiguration;
			baseConfigurationReference = C13BFC5B24B74A453779F6D0 /* Pods-SwiftUI-ContactFormCleanArchitecture.release.xcconfig */;
			buildSettings = {
				ASSETCATALOG_COMPILER_APPICON_NAME = AppIcon;
				ASSETCATALOG_COMPILER_GLOBAL_ACCENT_COLOR_NAME = AccentColor;
				CODE_SIGN_STYLE = Automatic;
				CURRENT_PROJECT_VERSION = 1;
				DEVELOPMENT_ASSET_PATHS = "\"SwiftUI-ContactFormCleanArchitecture/Preview Content\"";
				DEVELOPMENT_TEAM = S3PW95J64Q;
				ENABLE_PREVIEWS = YES;
				GENERATE_INFOPLIST_FILE = YES;
				INFOPLIST_KEY_UIApplicationSceneManifest_Generation = YES;
				INFOPLIST_KEY_UIApplicationSupportsIndirectInputEvents = YES;
				INFOPLIST_KEY_UILaunchScreen_Generation = YES;
				INFOPLIST_KEY_UISupportedInterfaceOrientations_iPad = "UIInterfaceOrientationPortrait UIInterfaceOrientationPortraitUpsideDown UIInterfaceOrientationLandscapeLeft UIInterfaceOrientationLandscapeRight";
				INFOPLIST_KEY_UISupportedInterfaceOrientations_iPhone = "UIInterfaceOrientationPortrait UIInterfaceOrientationLandscapeLeft UIInterfaceOrientationLandscapeRight";
				LD_RUNPATH_SEARCH_PATHS = (
					"$(inherited)",
					"@executable_path/Frameworks",
				);
				MARKETING_VERSION = 1.0;
				PRODUCT_BUNDLE_IDENTIFIER = "com.Hiroaki-Hirabayashi.SwiftUI-ContactForm-CleanArchitecture";
				PRODUCT_NAME = "$(TARGET_NAME)";
				SWIFT_EMIT_LOC_STRINGS = YES;
				SWIFT_VERSION = 5.0;
				TARGETED_DEVICE_FAMILY = "1,2";
			};
			name = Release;
		};
		F4D7972C276CC7030034A35C /* Debug */ = {
			isa = XCBuildConfiguration;
			baseConfigurationReference = 0C31023F3EA3F5277D0BC5DC /* Pods-SwiftUI-ContactFormCleanArchitectureTests.debug.xcconfig */;
			buildSettings = {
				ALWAYS_EMBED_SWIFT_STANDARD_LIBRARIES = YES;
				BUNDLE_LOADER = "$(TEST_HOST)";
				CODE_SIGN_STYLE = Automatic;
				CURRENT_PROJECT_VERSION = 1;
				DEVELOPMENT_TEAM = S3PW95J64Q;
				GENERATE_INFOPLIST_FILE = YES;
				IPHONEOS_DEPLOYMENT_TARGET = 15.0;
				LD_RUNPATH_SEARCH_PATHS = (
					"$(inherited)",
					"@executable_path/Frameworks",
					"@loader_path/Frameworks",
				);
				MARKETING_VERSION = 1.0;
				PRODUCT_BUNDLE_IDENTIFIER = "com.Hiroaki-Hirabayashi.SwiftUI-ContactForm-CleanArchitectureTests";
				PRODUCT_NAME = "$(TARGET_NAME)";
				SWIFT_EMIT_LOC_STRINGS = NO;
				SWIFT_VERSION = 5.0;
				TARGETED_DEVICE_FAMILY = "1,2";
				TEST_HOST = "$(BUILT_PRODUCTS_DIR)/SwiftUI-ContactFormCleanArchitecture.app/SwiftUI-ContactFormCleanArchitecture";
			};
			name = Debug;
		};
		F4D7972D276CC7030034A35C /* Release */ = {
			isa = XCBuildConfiguration;
			baseConfigurationReference = 5DEA40BF2C64D17ADBEF5270 /* Pods-SwiftUI-ContactFormCleanArchitectureTests.release.xcconfig */;
			buildSettings = {
				ALWAYS_EMBED_SWIFT_STANDARD_LIBRARIES = YES;
				BUNDLE_LOADER = "$(TEST_HOST)";
				CODE_SIGN_STYLE = Automatic;
				CURRENT_PROJECT_VERSION = 1;
				DEVELOPMENT_TEAM = S3PW95J64Q;
				GENERATE_INFOPLIST_FILE = YES;
				IPHONEOS_DEPLOYMENT_TARGET = 15.0;
				LD_RUNPATH_SEARCH_PATHS = (
					"$(inherited)",
					"@executable_path/Frameworks",
					"@loader_path/Frameworks",
				);
				MARKETING_VERSION = 1.0;
				PRODUCT_BUNDLE_IDENTIFIER = "com.Hiroaki-Hirabayashi.SwiftUI-ContactForm-CleanArchitectureTests";
				PRODUCT_NAME = "$(TARGET_NAME)";
				SWIFT_EMIT_LOC_STRINGS = NO;
				SWIFT_VERSION = 5.0;
				TARGETED_DEVICE_FAMILY = "1,2";
				TEST_HOST = "$(BUILT_PRODUCTS_DIR)/SwiftUI-ContactFormCleanArchitecture.app/SwiftUI-ContactFormCleanArchitecture";
			};
			name = Release;
		};
		F4D7972F276CC7030034A35C /* Debug */ = {
			isa = XCBuildConfiguration;
			baseConfigurationReference = 779A2211480DB9E5080EE6FB /* Pods-SwiftUI-ContactFormCleanArchitecture-SwiftUI-ContactFormCleanArchitectureUITests.debug.xcconfig */;
			buildSettings = {
				ALWAYS_EMBED_SWIFT_STANDARD_LIBRARIES = YES;
				CODE_SIGN_STYLE = Automatic;
				CURRENT_PROJECT_VERSION = 1;
				DEVELOPMENT_TEAM = S3PW95J64Q;
				GENERATE_INFOPLIST_FILE = YES;
				LD_RUNPATH_SEARCH_PATHS = (
					"$(inherited)",
					"@executable_path/Frameworks",
					"@loader_path/Frameworks",
				);
				MARKETING_VERSION = 1.0;
				PRODUCT_BUNDLE_IDENTIFIER = "com.Hiroaki-Hirabayashi.SwiftUI-ContactForm-CleanArchitectureUITests";
				PRODUCT_NAME = "$(TARGET_NAME)";
				SWIFT_EMIT_LOC_STRINGS = NO;
				SWIFT_VERSION = 5.0;
				TARGETED_DEVICE_FAMILY = "1,2";
				TEST_TARGET_NAME = SwiftUI_ContactForm_CleanArchitecture;
			};
			name = Debug;
		};
		F4D79730276CC7030034A35C /* Release */ = {
			isa = XCBuildConfiguration;
			baseConfigurationReference = 896EED1B4722C6250215742C /* Pods-SwiftUI-ContactFormCleanArchitecture-SwiftUI-ContactFormCleanArchitectureUITests.release.xcconfig */;
			buildSettings = {
				ALWAYS_EMBED_SWIFT_STANDARD_LIBRARIES = YES;
				CODE_SIGN_STYLE = Automatic;
				CURRENT_PROJECT_VERSION = 1;
				DEVELOPMENT_TEAM = S3PW95J64Q;
				GENERATE_INFOPLIST_FILE = YES;
				LD_RUNPATH_SEARCH_PATHS = (
					"$(inherited)",
					"@executable_path/Frameworks",
					"@loader_path/Frameworks",
				);
				MARKETING_VERSION = 1.0;
				PRODUCT_BUNDLE_IDENTIFIER = "com.Hiroaki-Hirabayashi.SwiftUI-ContactForm-CleanArchitectureUITests";
				PRODUCT_NAME = "$(TARGET_NAME)";
				SWIFT_EMIT_LOC_STRINGS = NO;
				SWIFT_VERSION = 5.0;
				TARGETED_DEVICE_FAMILY = "1,2";
				TEST_TARGET_NAME = SwiftUI_ContactForm_CleanArchitecture;
			};
			name = Release;
		};
/* End XCBuildConfiguration section */

/* Begin XCConfigurationList section */
		F4D796FA276CC7000034A35C /* Build configuration list for PBXProject "SwiftUI-ContactFormCleanArchitecture" */ = {
			isa = XCConfigurationList;
			buildConfigurations = (
				F4D79726276CC7030034A35C /* Debug */,
				F4D79727276CC7030034A35C /* Release */,
			);
			defaultConfigurationIsVisible = 0;
			defaultConfigurationName = Release;
		};
		F4D79728276CC7030034A35C /* Build configuration list for PBXNativeTarget "SwiftUI-ContactFormCleanArchitecture" */ = {
			isa = XCConfigurationList;
			buildConfigurations = (
				F4D79729276CC7030034A35C /* Debug */,
				F4D7972A276CC7030034A35C /* Release */,
			);
			defaultConfigurationIsVisible = 0;
			defaultConfigurationName = Release;
		};
		F4D7972B276CC7030034A35C /* Build configuration list for PBXNativeTarget "SwiftUI-ContactFormCleanArchitectureTests" */ = {
			isa = XCConfigurationList;
			buildConfigurations = (
				F4D7972C276CC7030034A35C /* Debug */,
				F4D7972D276CC7030034A35C /* Release */,
			);
			defaultConfigurationIsVisible = 0;
			defaultConfigurationName = Release;
		};
		F4D7972E276CC7030034A35C /* Build configuration list for PBXNativeTarget "SwiftUI-ContactFormCleanArchitectureUITests" */ = {
			isa = XCConfigurationList;
			buildConfigurations = (
				F4D7972F276CC7030034A35C /* Debug */,
				F4D79730276CC7030034A35C /* Release */,
			);
			defaultConfigurationIsVisible = 0;
			defaultConfigurationName = Release;
		};
/* End XCConfigurationList section */

/* Begin XCVersionGroup section */
		F4D7970D276CC7020034A35C /* SwiftUI-ContactFormCleanArchitecture.xcdatamodeld */ = {
			isa = XCVersionGroup;
			children = (
				F4D7970E276CC7020034A35C /* SwiftUI-ContactFormCleanArchitecture.xcdatamodel */,
			);
			currentVersion = F4D7970E276CC7020034A35C /* SwiftUI-ContactFormCleanArchitecture.xcdatamodel */;
			path = "SwiftUI-ContactFormCleanArchitecture.xcdatamodeld";
			sourceTree = "<group>";
			versionGroupType = wrapper.xcdatamodel;
		};
/* End XCVersionGroup section */
	};
	rootObject = F4D796F7276CC7000034A35C /* Project object */;
}
